{
  "version": 3,
  "targets": {
    "net8.0/ubuntu.24.04-x64": {
      "dotnet-mgcb-editor/3.8.4": {
        "type": "package",
        "tools": {
          "tools/net8.0/any/DotnetToolSettings.xml": {},
          "tools/net8.0/any/mgcb-editor.deps.json": {},
          "tools/net8.0/any/mgcb-editor.dll": {},
          "tools/net8.0/any/mgcb-editor.pdb": {},
          "tools/net8.0/any/mgcb-editor.runtimeconfig.json": {}
        }
      }
    }
  },
  "libraries": {},
  "projectFileDependencyGroups": {}
}